
Microsoft Visual Studio Solution File, Format Version 12.00
# Visual Studio 15
VisualStudioVersion = 15.0.26124.0
MinimumVisualStudioVersion = 15.0.26124.0
Project("{2150E333-8FDC-42A3-9474-1A3956D46DE8}") = "src", "src", "{7C4E5EA9-7719-4224-910D-A31A31F64242}"
EndProject
Project("{FAE04EC0-301F-11D3-BF4B-00C04F79EFBC}") = "PalTracker", "src\PalTracker\PalTracker.csproj", "{D1B29A59-EB23-4B64-B602-AA7A2F169B66}"
EndProject
Project("{2150E333-8FDC-42A3-9474-1A3956D46DE8}") = "test", "test", "{EDDFCD16-BCBC-4C1B-9285-3802F5FC6F72}"
EndProject
Project("{FAE04EC0-301F-11D3-BF4B-00C04F79EFBC}") = "PalTrackerTests", "test\PalTrackerTests\PalTrackerTests.csproj", "{E22C457B-5528-4799-A24E-B56CAF6C639A}"
EndProject
Global
	GlobalSection(SolutionConfigurationPlatforms) = preSolution
		Debug|Any CPU = Debug|Any CPU
		Debug|x64 = Debug|x64
		Debug|x86 = Debug|x86
		Release|Any CPU = Release|Any CPU
		Release|x64 = Release|x64
		Release|x86 = Release|x86
	EndGlobalSection
	GlobalSection(SolutionProperties) = preSolution
		HideSolutionNode = FALSE
	EndGlobalSection
	GlobalSection(ProjectConfigurationPlatforms) = postSolution
		{D1B29A59-EB23-4B64-B602-AA7A2F169B66}.Debug|Any CPU.ActiveCfg = Debug|Any CPU
		{D1B29A59-EB23-4B64-B602-AA7A2F169B66}.Debug|Any CPU.Build.0 = Debug|Any CPU
		{D1B29A59-EB23-4B64-B602-AA7A2F169B66}.Debug|x64.ActiveCfg = Debug|Any CPU
		{D1B29A59-EB23-4B64-B602-AA7A2F169B66}.Debug|x64.Build.0 = Debug|Any CPU
		{D1B29A59-EB23-4B64-B602-AA7A2F169B66}.Debug|x86.ActiveCfg = Debug|Any CPU
		{D1B29A59-EB23-4B64-B602-AA7A2F169B66}.Debug|x86.Build.0 = Debug|Any CPU
		{D1B29A59-EB23-4B64-B602-AA7A2F169B66}.Release|Any CPU.ActiveCfg = Release|Any CPU
		{D1B29A59-EB23-4B64-B602-AA7A2F169B66}.Release|Any CPU.Build.0 = Release|Any CPU
		{D1B29A59-EB23-4B64-B602-AA7A2F169B66}.Release|x64.ActiveCfg = Release|Any CPU
		{D1B29A59-EB23-4B64-B602-AA7A2F169B66}.Release|x64.Build.0 = Release|Any CPU
		{D1B29A59-EB23-4B64-B602-AA7A2F169B66}.Release|x86.ActiveCfg = Release|Any CPU
		{D1B29A59-EB23-4B64-B602-AA7A2F169B66}.Release|x86.Build.0 = Release|Any CPU
		{E22C457B-5528-4799-A24E-B56CAF6C639A}.Debug|Any CPU.ActiveCfg = Debug|Any CPU
		{E22C457B-5528-4799-A24E-B56CAF6C639A}.Debug|Any CPU.Build.0 = Debug|Any CPU
		{E22C457B-5528-4799-A24E-B56CAF6C639A}.Debug|x64.ActiveCfg = Debug|Any CPU
		{E22C457B-5528-4799-A24E-B56CAF6C639A}.Debug|x64.Build.0 = Debug|Any CPU
		{E22C457B-5528-4799-A24E-B56CAF6C639A}.Debug|x86.ActiveCfg = Debug|Any CPU
		{E22C457B-5528-4799-A24E-B56CAF6C639A}.Debug|x86.Build.0 = Debug|Any CPU
		{E22C457B-5528-4799-A24E-B56CAF6C639A}.Release|Any CPU.ActiveCfg = Release|Any CPU
		{E22C457B-5528-4799-A24E-B56CAF6C639A}.Release|Any CPU.Build.0 = Release|Any CPU
		{E22C457B-5528-4799-A24E-B56CAF6C639A}.Release|x64.ActiveCfg = Release|Any CPU
		{E22C457B-5528-4799-A24E-B56CAF6C639A}.Release|x64.Build.0 = Release|Any CPU
		{E22C457B-5528-4799-A24E-B56CAF6C639A}.Release|x86.ActiveCfg = Release|Any CPU
		{E22C457B-5528-4799-A24E-B56CAF6C639A}.Release|x86.Build.0 = Release|Any CPU
	EndGlobalSection
	GlobalSection(NestedProjects) = preSolution
		{D1B29A59-EB23-4B64-B602-AA7A2F169B66} = {7C4E5EA9-7719-4224-910D-A31A31F64242}
		{E22C457B-5528-4799-A24E-B56CAF6C639A} = {EDDFCD16-BCBC-4C1B-9285-3802F5FC6F72}
	EndGlobalSection
EndGlobal
